
Microsoft Visual Studio Solution File, Format Version 12.00
# Visual Studio Version 16
VisualStudioVersion = 16.0.30413.136
MinimumVisualStudioVersion = 10.0.40219.1
Project("{FAE04EC0-301F-11D3-BF4B-00C04F79EFBC}") = "Studentgrades1nooop", "Studentgrades1nooop\Studentgrades1nooop.csproj", "{A0182A15-6AA2-4979-865D-6B516FD037D6}"
EndProject
Global
	GlobalSection(SolutionConfigurationPlatforms) = preSolution
		Debug|Any CPU = Debug|Any CPU
		Release|Any CPU = Release|Any CPU
	EndGlobalSection
	GlobalSection(ProjectConfigurationPlatforms) = postSolution
		{A0182A15-6AA2-4979-865D-6B516FD037D6}.Debug|Any CPU.ActiveCfg = Debug|Any CPU
		{A0182A15-6AA2-4979-865D-6B516FD037D6}.Debug|Any CPU.Build.0 = Debug|Any CPU
		{A0182A15-6AA2-4979-865D-6B516FD037D6}.Release|Any CPU.ActiveCfg = Release|Any CPU
		{A0182A15-6AA2-4979-865D-6B516FD037D6}.Release|Any CPU.Build.0 = Release|Any CPU
	EndGlobalSection
	GlobalSection(SolutionProperties) = preSolution
		HideSolutionNode = FALSE
	EndGlobalSection
	GlobalSection(ExtensibilityGlobals) = postSolution
		SolutionGuid = {EDBEB384-1CBA-48C1-9A08-C8D3CE6D169D}
	EndGlobalSection
EndGlobal
