
Microsoft Visual Studio Solution File, Format Version 12.00
# Visual Studio Version 16
VisualStudioVersion = 16.0.30413.136
MinimumVisualStudioVersion = 10.0.40219.1
Project("{FAE04EC0-301F-11D3-BF4B-00C04F79EFBC}") = "Student Grades Manager 2 (NO OOP)", "Student Grades Manager 2 (NO OOP)\Student Grades Manager 2 (NO OOP).csproj", "{9817FCA3-7DFE-439B-BE96-8C5445F16F41}"
EndProject
Global
	GlobalSection(SolutionConfigurationPlatforms) = preSolution
		Debug|Any CPU = Debug|Any CPU
		Release|Any CPU = Release|Any CPU
	EndGlobalSection
	GlobalSection(ProjectConfigurationPlatforms) = postSolution
		{9817FCA3-7DFE-439B-BE96-8C5445F16F41}.Debug|Any CPU.ActiveCfg = Debug|Any CPU
		{9817FCA3-7DFE-439B-BE96-8C5445F16F41}.Debug|Any CPU.Build.0 = Debug|Any CPU
		{9817FCA3-7DFE-439B-BE96-8C5445F16F41}.Release|Any CPU.ActiveCfg = Release|Any CPU
		{9817FCA3-7DFE-439B-BE96-8C5445F16F41}.Release|Any CPU.Build.0 = Release|Any CPU
	EndGlobalSection
	GlobalSection(SolutionProperties) = preSolution
		HideSolutionNode = FALSE
	EndGlobalSection
	GlobalSection(ExtensibilityGlobals) = postSolution
		SolutionGuid = {6EF6BBDF-788B-4AFA-9C37-DD813630E7C5}
	EndGlobalSection
EndGlobal
